
Microsoft Visual Studio Solution File, Format Version 12.00
# Visual Studio 15
VisualStudioVersion = 15.0.28307.271
MinimumVisualStudioVersion = 10.0.40219.1
Project("{FAE04EC0-301F-11D3-BF4B-00C04F79EFBC}") = "TheCorcoranGroup.WebApp", "TheCorcoranGroup.WebApp\TheCorcoranGroup.WebApp.csproj", "{4B9334C7-DBB5-426D-BC32-5DC328F86163}"
EndProject
Project("{FAE04EC0-301F-11D3-BF4B-00C04F79EFBC}") = "TheCorcoranGroup.ApiApp", "TheCorcoranGroup.ApiApp\TheCorcoranGroup.ApiApp.csproj", "{F1624BE2-714D-44F1-971C-E7F3004FF018}"
EndProject
Project("{FAE04EC0-301F-11D3-BF4B-00C04F79EFBC}") = "TheCorcoranGroup.ApiApp.Tests", "TheCorcoranGroup.ApiApp.Tests\TheCorcoranGroup.ApiApp.Tests.csproj", "{F5466C0C-4E78-4387-99E2-825E7FD2F2C1}"
EndProject
Project("{FAE04EC0-301F-11D3-BF4B-00C04F79EFBC}") = "TheCorcoranGroup.Model", "TheCorcoranGroup.Model\TheCorcoranGroup.Model.csproj", "{EB6E48BE-D3FD-487D-9F09-E447A2062E3C}"
EndProject
Project("{FAE04EC0-301F-11D3-BF4B-00C04F79EFBC}") = "TheCorcoranGroup.Data", "TheCorcoranGroup.Data\TheCorcoranGroup.Data.csproj", "{E80DABAE-05C6-468B-92C7-7D4E5A91F500}"
EndProject
Global
	GlobalSection(SolutionConfigurationPlatforms) = preSolution
		Debug|Any CPU = Debug|Any CPU
		Debug|ARM = Debug|ARM
		Debug|ARM64 = Debug|ARM64
		Debug|x64 = Debug|x64
		Debug|x86 = Debug|x86
		Release|Any CPU = Release|Any CPU
		Release|ARM = Release|ARM
		Release|ARM64 = Release|ARM64
		Release|x64 = Release|x64
		Release|x86 = Release|x86
	EndGlobalSection
	GlobalSection(ProjectConfigurationPlatforms) = postSolution
		{4B9334C7-DBB5-426D-BC32-5DC328F86163}.Debug|Any CPU.ActiveCfg = Debug|Any CPU
		{4B9334C7-DBB5-426D-BC32-5DC328F86163}.Debug|Any CPU.Build.0 = Debug|Any CPU
		{4B9334C7-DBB5-426D-BC32-5DC328F86163}.Debug|ARM.ActiveCfg = Debug|Any CPU
		{4B9334C7-DBB5-426D-BC32-5DC328F86163}.Debug|ARM.Build.0 = Debug|Any CPU
		{4B9334C7-DBB5-426D-BC32-5DC328F86163}.Debug|ARM64.ActiveCfg = Debug|Any CPU
		{4B9334C7-DBB5-426D-BC32-5DC328F86163}.Debug|ARM64.Build.0 = Debug|Any CPU
		{4B9334C7-DBB5-426D-BC32-5DC328F86163}.Debug|x64.ActiveCfg = Debug|Any CPU
		{4B9334C7-DBB5-426D-BC32-5DC328F86163}.Debug|x64.Build.0 = Debug|Any CPU
		{4B9334C7-DBB5-426D-BC32-5DC328F86163}.Debug|x86.ActiveCfg = Debug|Any CPU
		{4B9334C7-DBB5-426D-BC32-5DC328F86163}.Debug|x86.Build.0 = Debug|Any CPU
		{4B9334C7-DBB5-426D-BC32-5DC328F86163}.Release|Any CPU.ActiveCfg = Release|Any CPU
		{4B9334C7-DBB5-426D-BC32-5DC328F86163}.Release|Any CPU.Build.0 = Release|Any CPU
		{4B9334C7-DBB5-426D-BC32-5DC328F86163}.Release|ARM.ActiveCfg = Release|Any CPU
		{4B9334C7-DBB5-426D-BC32-5DC328F86163}.Release|ARM.Build.0 = Release|Any CPU
		{4B9334C7-DBB5-426D-BC32-5DC328F86163}.Release|ARM64.ActiveCfg = Release|Any CPU
		{4B9334C7-DBB5-426D-BC32-5DC328F86163}.Release|ARM64.Build.0 = Release|Any CPU
		{4B9334C7-DBB5-426D-BC32-5DC328F86163}.Release|x64.ActiveCfg = Release|Any CPU
		{4B9334C7-DBB5-426D-BC32-5DC328F86163}.Release|x64.Build.0 = Release|Any CPU
		{4B9334C7-DBB5-426D-BC32-5DC328F86163}.Release|x86.ActiveCfg = Release|Any CPU
		{4B9334C7-DBB5-426D-BC32-5DC328F86163}.Release|x86.Build.0 = Release|Any CPU
		{F1624BE2-714D-44F1-971C-E7F3004FF018}.Debug|Any CPU.ActiveCfg = Debug|Any CPU
		{F1624BE2-714D-44F1-971C-E7F3004FF018}.Debug|Any CPU.Build.0 = Debug|Any CPU
		{F1624BE2-714D-44F1-971C-E7F3004FF018}.Debug|ARM.ActiveCfg = Debug|Any CPU
		{F1624BE2-714D-44F1-971C-E7F3004FF018}.Debug|ARM.Build.0 = Debug|Any CPU
		{F1624BE2-714D-44F1-971C-E7F3004FF018}.Debug|ARM64.ActiveCfg = Debug|Any CPU
		{F1624BE2-714D-44F1-971C-E7F3004FF018}.Debug|ARM64.Build.0 = Debug|Any CPU
		{F1624BE2-714D-44F1-971C-E7F3004FF018}.Debug|x64.ActiveCfg = Debug|Any CPU
		{F1624BE2-714D-44F1-971C-E7F3004FF018}.Debug|x64.Build.0 = Debug|Any CPU
		{F1624BE2-714D-44F1-971C-E7F3004FF018}.Debug|x86.ActiveCfg = Debug|Any CPU
		{F1624BE2-714D-44F1-971C-E7F3004FF018}.Debug|x86.Build.0 = Debug|Any CPU
		{F1624BE2-714D-44F1-971C-E7F3004FF018}.Release|Any CPU.ActiveCfg = Release|Any CPU
		{F1624BE2-714D-44F1-971C-E7F3004FF018}.Release|Any CPU.Build.0 = Release|Any CPU
		{F1624BE2-714D-44F1-971C-E7F3004FF018}.Release|ARM.ActiveCfg = Release|Any CPU
		{F1624BE2-714D-44F1-971C-E7F3004FF018}.Release|ARM.Build.0 = Release|Any CPU
		{F1624BE2-714D-44F1-971C-E7F3004FF018}.Release|ARM64.ActiveCfg = Release|Any CPU
		{F1624BE2-714D-44F1-971C-E7F3004FF018}.Release|ARM64.Build.0 = Release|Any CPU
		{F1624BE2-714D-44F1-971C-E7F3004FF018}.Release|x64.ActiveCfg = Release|Any CPU
		{F1624BE2-714D-44F1-971C-E7F3004FF018}.Release|x64.Build.0 = Release|Any CPU
		{F1624BE2-714D-44F1-971C-E7F3004FF018}.Release|x86.ActiveCfg = Release|Any CPU
		{F1624BE2-714D-44F1-971C-E7F3004FF018}.Release|x86.Build.0 = Release|Any CPU
		{F5466C0C-4E78-4387-99E2-825E7FD2F2C1}.Debug|Any CPU.ActiveCfg = Debug|Any CPU
		{F5466C0C-4E78-4387-99E2-825E7FD2F2C1}.Debug|Any CPU.Build.0 = Debug|Any CPU
		{F5466C0C-4E78-4387-99E2-825E7FD2F2C1}.Debug|ARM.ActiveCfg = Debug|Any CPU
		{F5466C0C-4E78-4387-99E2-825E7FD2F2C1}.Debug|ARM.Build.0 = Debug|Any CPU
		{F5466C0C-4E78-4387-99E2-825E7FD2F2C1}.Debug|ARM64.ActiveCfg = Debug|Any CPU
		{F5466C0C-4E78-4387-99E2-825E7FD2F2C1}.Debug|ARM64.Build.0 = Debug|Any CPU
		{F5466C0C-4E78-4387-99E2-825E7FD2F2C1}.Debug|x64.ActiveCfg = Debug|Any CPU
		{F5466C0C-4E78-4387-99E2-825E7FD2F2C1}.Debug|x64.Build.0 = Debug|Any CPU
		{F5466C0C-4E78-4387-99E2-825E7FD2F2C1}.Debug|x86.ActiveCfg = Debug|Any CPU
		{F5466C0C-4E78-4387-99E2-825E7FD2F2C1}.Debug|x86.Build.0 = Debug|Any CPU
		{F5466C0C-4E78-4387-99E2-825E7FD2F2C1}.Release|Any CPU.ActiveCfg = Release|Any CPU
		{F5466C0C-4E78-4387-99E2-825E7FD2F2C1}.Release|Any CPU.Build.0 = Release|Any CPU
		{F5466C0C-4E78-4387-99E2-825E7FD2F2C1}.Release|ARM.ActiveCfg = Release|Any CPU
		{F5466C0C-4E78-4387-99E2-825E7FD2F2C1}.Release|ARM.Build.0 = Release|Any CPU
		{F5466C0C-4E78-4387-99E2-825E7FD2F2C1}.Release|ARM64.ActiveCfg = Release|Any CPU
		{F5466C0C-4E78-4387-99E2-825E7FD2F2C1}.Release|ARM64.Build.0 = Release|Any CPU
		{F5466C0C-4E78-4387-99E2-825E7FD2F2C1}.Release|x64.ActiveCfg = Release|Any CPU
		{F5466C0C-4E78-4387-99E2-825E7FD2F2C1}.Release|x64.Build.0 = Release|Any CPU
		{F5466C0C-4E78-4387-99E2-825E7FD2F2C1}.Release|x86.ActiveCfg = Release|Any CPU
		{F5466C0C-4E78-4387-99E2-825E7FD2F2C1}.Release|x86.Build.0 = Release|Any CPU
		{EB6E48BE-D3FD-487D-9F09-E447A2062E3C}.Debug|Any CPU.ActiveCfg = Debug|Any CPU
		{EB6E48BE-D3FD-487D-9F09-E447A2062E3C}.Debug|Any CPU.Build.0 = Debug|Any CPU
		{EB6E48BE-D3FD-487D-9F09-E447A2062E3C}.Debug|ARM.ActiveCfg = Debug|Any CPU
		{EB6E48BE-D3FD-487D-9F09-E447A2062E3C}.Debug|ARM.Build.0 = Debug|Any CPU
		{EB6E48BE-D3FD-487D-9F09-E447A2062E3C}.Debug|ARM64.ActiveCfg = Debug|Any CPU
		{EB6E48BE-D3FD-487D-9F09-E447A2062E3C}.Debug|ARM64.Build.0 = Debug|Any CPU
		{EB6E48BE-D3FD-487D-9F09-E447A2062E3C}.Debug|x64.ActiveCfg = Debug|Any CPU
		{EB6E48BE-D3FD-487D-9F09-E447A2062E3C}.Debug|x64.Build.0 = Debug|Any CPU
		{EB6E48BE-D3FD-487D-9F09-E447A2062E3C}.Debug|x86.ActiveCfg = Debug|Any CPU
		{EB6E48BE-D3FD-487D-9F09-E447A2062E3C}.Debug|x86.Build.0 = Debug|Any CPU
		{EB6E48BE-D3FD-487D-9F09-E447A2062E3C}.Release|Any CPU.ActiveCfg = Release|Any CPU
		{EB6E48BE-D3FD-487D-9F09-E447A2062E3C}.Release|Any CPU.Build.0 = Release|Any CPU
		{EB6E48BE-D3FD-487D-9F09-E447A2062E3C}.Release|ARM.ActiveCfg = Release|Any CPU
		{EB6E48BE-D3FD-487D-9F09-E447A2062E3C}.Release|ARM.Build.0 = Release|Any CPU
		{EB6E48BE-D3FD-487D-9F09-E447A2062E3C}.Release|ARM64.ActiveCfg = Release|Any CPU
		{EB6E48BE-D3FD-487D-9F09-E447A2062E3C}.Release|ARM64.Build.0 = Release|Any CPU
		{EB6E48BE-D3FD-487D-9F09-E447A2062E3C}.Release|x64.ActiveCfg = Release|Any CPU
		{EB6E48BE-D3FD-487D-9F09-E447A2062E3C}.Release|x64.Build.0 = Release|Any CPU
		{EB6E48BE-D3FD-487D-9F09-E447A2062E3C}.Release|x86.ActiveCfg = Release|Any CPU
		{EB6E48BE-D3FD-487D-9F09-E447A2062E3C}.Release|x86.Build.0 = Release|Any CPU
		{E80DABAE-05C6-468B-92C7-7D4E5A91F500}.Debug|Any CPU.ActiveCfg = Debug|Any CPU
		{E80DABAE-05C6-468B-92C7-7D4E5A91F500}.Debug|Any CPU.Build.0 = Debug|Any CPU
		{E80DABAE-05C6-468B-92C7-7D4E5A91F500}.Debug|ARM.ActiveCfg = Debug|Any CPU
		{E80DABAE-05C6-468B-92C7-7D4E5A91F500}.Debug|ARM.Build.0 = Debug|Any CPU
		{E80DABAE-05C6-468B-92C7-7D4E5A91F500}.Debug|ARM64.ActiveCfg = Debug|Any CPU
		{E80DABAE-05C6-468B-92C7-7D4E5A91F500}.Debug|ARM64.Build.0 = Debug|Any CPU
		{E80DABAE-05C6-468B-92C7-7D4E5A91F500}.Debug|x64.ActiveCfg = Debug|Any CPU
		{E80DABAE-05C6-468B-92C7-7D4E5A91F500}.Debug|x64.Build.0 = Debug|Any CPU
		{E80DABAE-05C6-468B-92C7-7D4E5A91F500}.Debug|x86.ActiveCfg = Debug|Any CPU
		{E80DABAE-05C6-468B-92C7-7D4E5A91F500}.Debug|x86.Build.0 = Debug|Any CPU
		{E80DABAE-05C6-468B-92C7-7D4E5A91F500}.Release|Any CPU.ActiveCfg = Release|Any CPU
		{E80DABAE-05C6-468B-92C7-7D4E5A91F500}.Release|Any CPU.Build.0 = Release|Any CPU
		{E80DABAE-05C6-468B-92C7-7D4E5A91F500}.Release|ARM.ActiveCfg = Release|Any CPU
		{E80DABAE-05C6-468B-92C7-7D4E5A91F500}.Release|ARM.Build.0 = Release|Any CPU
		{E80DABAE-05C6-468B-92C7-7D4E5A91F500}.Release|ARM64.ActiveCfg = Release|Any CPU
		{E80DABAE-05C6-468B-92C7-7D4E5A91F500}.Release|ARM64.Build.0 = Release|Any CPU
		{E80DABAE-05C6-468B-92C7-7D4E5A91F500}.Release|x64.ActiveCfg = Release|Any CPU
		{E80DABAE-05C6-468B-92C7-7D4E5A91F500}.Release|x64.Build.0 = Release|Any CPU
		{E80DABAE-05C6-468B-92C7-7D4E5A91F500}.Release|x86.ActiveCfg = Release|Any CPU
		{E80DABAE-05C6-468B-92C7-7D4E5A91F500}.Release|x86.Build.0 = Release|Any CPU
	EndGlobalSection
	GlobalSection(SolutionProperties) = preSolution
		HideSolutionNode = FALSE
	EndGlobalSection
	GlobalSection(ExtensibilityGlobals) = postSolution
		SolutionGuid = {A1710A95-484F-46E4-8B96-0B57E434B13D}
	EndGlobalSection
EndGlobal
